{
    "_meta": {
        "hash": {
            "sha256": "0411fd7528e448b3bbd054d20511e17be26c08de8480727b1b21ef0c2c17e59c"
        },
        "pipfile-spec": 6,
        "requires": {
            "python_version": "3.13"
        },
        "sources": [
            {
                "name": "pypi",
                "url": "https://pypi.org/simple",
                "verify_ssl": true
            }
        ]
    },
    "default": {
        "astroid": {
            "hashes": [
                "sha256:622cc8e3048684aa42c820d9d218978021c3c3d174fb03a9f0d615921744f550",
                "sha256:d05bfd0acba96a7bd43e222828b7d9bc1e138aaeb0649707908d3702a9831248"
            ],
            "markers": "python_full_version >= '3.9.0'",
            "version": "==3.3.9"
        },
        "cffi": {
            "hashes": [
                "sha256:045d61c734659cc045141be4bae381a41d89b741f795af1dd018bfb532fd0df8",
                "sha256:0984a4925a435b1da406122d4d7968dd861c1385afe3b45ba82b750f229811e2",
                "sha256:0e2b1fac190ae3ebfe37b979cc1ce69c81f4e4fe5746bb401dca63a9062cdaf1",
                "sha256:0f048dcf80db46f0098ccac01132761580d28e28bc0f78ae0d58048063317e15",
                "sha256:1257bdabf294dceb59f5e70c64a3e2f462c30c7ad68092d01bbbfb1c16b1ba36",
                "sha256:1c39c6016c32bc48dd54561950ebd6836e1670f2ae46128f67cf49e789c52824",
                "sha256:1d599671f396c4723d016dbddb72fe8e0397082b0a77a4fab8028923bec050e8",
                "sha256:28b16024becceed8c6dfbc75629e27788d8a3f9030691a1dbf9821a128b22c36",
                "sha256:2bb1a08b8008b281856e5971307cc386a8e9c5b625ac297e853d36da6efe9c17",
                "sha256:30c5e0cb5ae493c04c8b42916e52ca38079f1b235c2f8ae5f4527b963c401caf",
                "sha256:31000ec67d4221a71bd3f67df918b1f88f676f1c3b535a7eb473255fdc0b83fc",
                "sha256:386c8bf53c502fff58903061338ce4f4950cbdcb23e2902d86c0f722b786bbe3",
                "sha256:3edc8d958eb099c634dace3c7e16560ae474aa3803a5df240542b305d14e14ed",
                "sha256:45398b671ac6d70e67da8e4224a065cec6a93541bb7aebe1b198a61b58c7b702",
                "sha256:46bf43160c1a35f7ec506d254e5c890f3c03648a4dbac12d624e4490a7046cd1",
                "sha256:4ceb10419a9adf4460ea14cfd6bc43d08701f0835e979bf821052f1805850fe8",
                "sha256:51392eae71afec0d0c8fb1a53b204dbb3bcabcb3c9b807eedf3e1e6ccf2de903",
                "sha256:5da5719280082ac6bd9aa7becb3938dc9f9cbd57fac7d2871717b1feb0902ab6",
                "sha256:610faea79c43e44c71e1ec53a554553fa22321b65fae24889706c0a84d4ad86d",
                "sha256:636062ea65bd0195bc012fea9321aca499c0504409f413dc88af450b57ffd03b",
                "sha256:6883e737d7d9e4899a8a695e00ec36bd4e5e4f18fabe0aca0efe0a4b44cdb13e",
                "sha256:6b8b4a92e1c65048ff98cfe1f735ef8f1ceb72e3d5f0c25fdb12087a23da22be",
                "sha256:6f17be4345073b0a7b8ea599688f692ac3ef23ce28e5df79c04de519dbc4912c",
                "sha256:706510fe141c86a69c8ddc029c7910003a17353970cff3b904ff0686a5927683",
                "sha256:72e72408cad3d5419375fc87d289076ee319835bdfa2caad331e377589aebba9",
                "sha256:733e99bc2df47476e3848417c5a4540522f234dfd4ef3ab7fafdf555b082ec0c",
                "sha256:7596d6620d3fa590f677e9ee430df2958d2d6d6de2feeae5b20e82c00b76fbf8",
                "sha256:78122be759c3f8a014ce010908ae03364d00a1f81ab5c7f4a7a5120607ea56e1",
                "sha256:805b4371bf7197c329fcb3ead37e710d1bca9da5d583f5073b799d5c5bd1eee4",
                "sha256:85a950a4ac9c359340d5963966e3e0a94a676bd6245a4b55bc43949eee26a655",
                "sha256:8f2cdc858323644ab277e9bb925ad72ae0e67f69e804f4898c070998d50b1a67",
                "sha256:9755e4345d1ec879e3849e62222a18c7174d65a6a92d5b346b1863912168b595",
                "sha256:98e3969bcff97cae1b2def8ba499ea3d6f31ddfdb7635374834cf89a1a08ecf0",
                "sha256:a08d7e755f8ed21095a310a693525137cfe756ce62d066e53f502a83dc550f65",
                "sha256:a1ed2dd2972641495a3ec98445e09766f077aee98a1c896dcb4ad0d303628e41",
                "sha256:a24ed04c8ffd54b0729c07cee15a81d964e6fee0e3d4d342a27b020d22959dc6",
                "sha256:a45e3c6913c5b87b3ff120dcdc03f6131fa0065027d0ed7ee6190736a74cd401",
                "sha256:a9b15d491f3ad5d692e11f6b71f7857e7835eb677955c00cc0aefcd0669adaf6",
                "sha256:ad9413ccdeda48c5afdae7e4fa2192157e991ff761e7ab8fdd8926f40b160cc3",
                "sha256:b2ab587605f4ba0bf81dc0cb08a41bd1c0a5906bd59243d56bad7668a6fc6c16",
                "sha256:b62ce867176a75d03a665bad002af8e6d54644fad99a3c70905c543130e39d93",
                "sha256:c03e868a0b3bc35839ba98e74211ed2b05d2119be4e8a0f224fba9384f1fe02e",
                "sha256:c59d6e989d07460165cc5ad3c61f9fd8f1b4796eacbd81cee78957842b834af4",
                "sha256:c7eac2ef9b63c79431bc4b25f1cd649d7f061a28808cbc6c47b534bd789ef964",
                "sha256:c9c3d058ebabb74db66e431095118094d06abf53284d9c81f27300d0e0d8bc7c",
                "sha256:ca74b8dbe6e8e8263c0ffd60277de77dcee6c837a3d0881d8c1ead7268c9e576",
                "sha256:caaf0640ef5f5517f49bc275eca1406b0ffa6aa184892812030f04c2abf589a0",
                "sha256:cdf5ce3acdfd1661132f2a9c19cac174758dc2352bfe37d98aa7512c6b7178b3",
                "sha256:d016c76bdd850f3c626af19b0542c9677ba156e4ee4fccfdd7848803533ef662",
                "sha256:d01b12eeeb4427d3110de311e1774046ad344f5b1a7403101878976ecd7a10f3",
                "sha256:d63afe322132c194cf832bfec0dc69a99fb9bb6bbd550f161a49e9e855cc78ff",
                "sha256:da95af8214998d77a98cc14e3a3bd00aa191526343078b530ceb0bd710fb48a5",
                "sha256:dd398dbc6773384a17fe0d3e7eeb8d1a21c2200473ee6806bb5e6a8e62bb73dd",
                "sha256:de2ea4b5833625383e464549fec1bc395c1bdeeb5f25c4a3a82b5a8c756ec22f",
                "sha256:de55b766c7aa2e2a3092c51e0483d700341182f08e67c63630d5b6f200bb28e5",
                "sha256:df8b1c11f177bc2313ec4b2d46baec87a5f3e71fc8b45dab2ee7cae86d9aba14",
                "sha256:e03eab0a8677fa80d646b5ddece1cbeaf556c313dcfac435ba11f107ba117b5d",
                "sha256:e221cf152cff04059d011ee126477f0d9588303eb57e88923578ace7baad17f9",
                "sha256:e31ae45bc2e29f6b2abd0de1cc3b9d5205aa847cafaecb8af1476a609a2f6eb7",
                "sha256:edae79245293e15384b51f88b00613ba9f7198016a5948b5dddf4917d4d26382",
                "sha256:f1e22e8c4419538cb197e4dd60acc919d7696e5ef98ee4da4e01d3f8cfa4cc5a",
                "sha256:f3a2b4222ce6b60e2e8b337bb9596923045681d71e5a082783484d845390938e",
                "sha256:f6a16c31041f09ead72d69f583767292f750d24913dadacf5756b966aacb3f1a",
                "sha256:f75c7ab1f9e4aca5414ed4d8e5c0e303a34f4421f8a0d47a4d019ceff0ab6af4",
                "sha256:f79fc4fc25f1c8698ff97788206bb3c2598949bfe0fef03d299eb1b5356ada99",
                "sha256:f7f5baafcc48261359e14bcd6d9bff6d4b28d9103847c9e136694cb0501aef87",
                "sha256:fc48c783f9c87e60831201f2cce7f3b2e4846bf4d8728eabe54d60700b318a0b"
            ],
            "markers": "python_version >= '3.8'",
            "version": "==1.17.1"
        },
        "click": {
            "hashes": [
                "sha256:63c132bbbed01578a06712a2d1f497bb62d9c1c0d329b7903a866228027263b2",
                "sha256:ed53c9d8990d83c2a27deae68e4ee337473f6330c040a31d4225c9574d16096a"
            ],
            "markers": "python_version >= '3.7'",
            "version": "==8.1.8"
        },
        "coverage": {
            "hashes": [
                "sha256:06a737c882bd26d0d6ee7269b20b12f14a8704807a01056c80bb881a4b2ce6ca",
                "sha256:07e2ca0ad381b91350c0ed49d52699b625aab2b44b65e1b4e02fa9df0e92ad2d",
                "sha256:0c0420b573964c760df9e9e86d1a9a622d0d27f417e1a949a8a66dd7bcee7bc6",
                "sha256:0dbde0f4aa9a16fa4d754356a8f2e36296ff4d83994b2c9d8398aa32f222f989",
                "sha256:1125ca0e5fd475cbbba3bb67ae20bd2c23a98fac4e32412883f9bcbaa81c314c",
                "sha256:13b0a73a0896988f053e4fbb7de6d93388e6dd292b0d87ee51d106f2c11b465b",
                "sha256:166811d20dfea725e2e4baa71fffd6c968a958577848d2131f39b60043400223",
                "sha256:170d444ab405852903b7d04ea9ae9b98f98ab6d7e63e1115e82620807519797f",
                "sha256:1f4aa8219db826ce6be7099d559f8ec311549bfc4046f7f9fe9b5cea5c581c56",
                "sha256:225667980479a17db1048cb2bf8bfb39b8e5be8f164b8f6628b64f78a72cf9d3",
                "sha256:260933720fdcd75340e7dbe9060655aff3af1f0c5d20f46b57f262ab6c86a5e8",
                "sha256:2bdb062ea438f22d99cba0d7829c2ef0af1d768d1e4a4f528087224c90b132cb",
                "sha256:2c09f4ce52cb99dd7505cd0fc8e0e37c77b87f46bc9c1eb03fe3bc9991085388",
                "sha256:3115a95daa9bdba70aea750db7b96b37259a81a709223c8448fa97727d546fe0",
                "sha256:3e0cadcf6733c09154b461f1ca72d5416635e5e4ec4e536192180d34ec160f8a",
                "sha256:3f1156e3e8f2872197af3840d8ad307a9dd18e615dc64d9ee41696f287c57ad8",
                "sha256:4421712dbfc5562150f7554f13dde997a2e932a6b5f352edcce948a815efee6f",
                "sha256:44df346d5215a8c0e360307d46ffaabe0f5d3502c8a1cefd700b34baf31d411a",
                "sha256:502753043567491d3ff6d08629270127e0c31d4184c4c8d98f92c26f65019962",
                "sha256:547f45fa1a93154bd82050a7f3cddbc1a7a4dd2a9bf5cb7d06f4ae29fe94eaf8",
                "sha256:5621a9175cf9d0b0c84c2ef2b12e9f5f5071357c4d2ea6ca1cf01814f45d2391",
                "sha256:609b06f178fe8e9f89ef676532760ec0b4deea15e9969bf754b37f7c40326dbc",
                "sha256:645786266c8f18a931b65bfcefdbf6952dd0dea98feee39bd188607a9d307ed2",
                "sha256:6878ef48d4227aace338d88c48738a4258213cd7b74fd9a3d4d7582bb1d8a155",
                "sha256:6a89ecca80709d4076b95f89f308544ec8f7b4727e8a547913a35f16717856cb",
                "sha256:6db04803b6c7291985a761004e9060b2bca08da6d04f26a7f2294b8623a0c1a0",
                "sha256:6e2cd258d7d927d09493c8df1ce9174ad01b381d4729a9d8d4e38670ca24774c",
                "sha256:6e81d7a3e58882450ec4186ca59a3f20a5d4440f25b1cff6f0902ad890e6748a",
                "sha256:702855feff378050ae4f741045e19a32d57d19f3e0676d589df0575008ea5004",
                "sha256:78b260de9790fd81e69401c2dc8b17da47c8038176a79092a89cb2b7d945d060",
                "sha256:7bb65125fcbef8d989fa1dd0e8a060999497629ca5b0efbca209588a73356232",
                "sha256:7dea0889685db8550f839fa202744652e87c60015029ce3f60e006f8c4462c93",
                "sha256:8284cf8c0dd272a247bc154eb6c95548722dce90d098c17a883ed36e67cdb129",
                "sha256:877abb17e6339d96bf08e7a622d05095e72b71f8afd8a9fefc82cf30ed944163",
                "sha256:8929543a7192c13d177b770008bc4e8119f2e1f881d563fc6b6305d2d0ebe9de",
                "sha256:8ae539519c4c040c5ffd0632784e21b2f03fc1340752af711f33e5be83a9d6c6",
                "sha256:8f59d57baca39b32db42b83b2a7ba6f47ad9c394ec2076b084c3f029b7afca23",
                "sha256:9054a0754de38d9dbd01a46621636689124d666bad1936d76c0341f7d71bf569",
                "sha256:953510dfb7b12ab69d20135a0662397f077c59b1e6379a768e97c59d852ee51d",
                "sha256:95cae0efeb032af8458fc27d191f85d1717b1d4e49f7cb226cf526ff28179778",
                "sha256:9bc572be474cafb617672c43fe989d6e48d3c83af02ce8de73fff1c6bb3c198d",
                "sha256:9c56863d44bd1c4fe2abb8a4d6f5371d197f1ac0ebdee542f07f35895fc07f36",
                "sha256:9e0b2df163b8ed01d515807af24f63de04bebcecbd6c3bfeff88385789fdf75a",
                "sha256:a09ece4a69cf399510c8ab25e0950d9cf2b42f7b3cb0374f95d2e2ff594478a6",
                "sha256:a1ac0ae2b8bd743b88ed0502544847c3053d7171a3cff9228af618a068ed9c34",
                "sha256:a318d68e92e80af8b00fa99609796fdbcdfef3629c77c6283566c6f02c6d6704",
                "sha256:a4acd025ecc06185ba2b801f2de85546e0b8ac787cf9d3b06e7e2a69f925b106",
                "sha256:a6d3adcf24b624a7b778533480e32434a39ad8fa30c315208f6d3e5542aeb6e9",
                "sha256:a78d169acd38300060b28d600344a803628c3fd585c912cacc9ea8790fe96862",
                "sha256:a95324a9de9650a729239daea117df21f4b9868ce32e63f8b650ebe6cef5595b",
                "sha256:abd5fd0db5f4dc9289408aaf34908072f805ff7792632250dcb36dc591d24255",
                "sha256:b06079abebbc0e89e6163b8e8f0e16270124c154dc6e4a47b413dd538859af16",
                "sha256:b43c03669dc4618ec25270b06ecd3ee4fa94c7f9b3c14bae6571ca00ef98b0d3",
                "sha256:b48f312cca9621272ae49008c7f613337c53fadca647d6384cc129d2996d1133",
                "sha256:b5d7b556859dd85f3a541db6a4e0167b86e7273e1cdc973e5b175166bb634fdb",
                "sha256:b9f222de8cded79c49bf184bdbc06630d4c58eec9459b939b4a690c82ed05657",
                "sha256:c3c02d12f837d9683e5ab2f3d9844dc57655b92c74e286c262e0fc54213c216d",
                "sha256:c44fee9975f04b33331cb8eb272827111efc8930cfd582e0320613263ca849ca",
                "sha256:cf4b19715bccd7ee27b6b120e7e9dd56037b9c0681dcc1adc9ba9db3d417fa36",
                "sha256:d0c212c49b6c10e6951362f7c6df3329f04c2b1c28499563d4035d964ab8e08c",
                "sha256:d3296782ca4eab572a1a4eca686d8bfb00226300dcefdf43faa25b5242ab8a3e",
                "sha256:d85f5e9a5f8b73e2350097c3756ef7e785f55bd71205defa0bfdaf96c31616ff",
                "sha256:da511e6ad4f7323ee5702e6633085fb76c2f893aaf8ce4c51a0ba4fc07580ea7",
                "sha256:e05882b70b87a18d937ca6768ff33cc3f72847cbc4de4491c8e73880766718e5",
                "sha256:e61c0abb4c85b095a784ef23fdd4aede7a2628478e7baba7c5e3deba61070a02",
                "sha256:e6a08c0be454c3b3beb105c0596ebdc2371fab6bb90c0c0297f4e58fd7e1012c",
                "sha256:e9a6e0eb86070e8ccaedfbd9d38fec54864f3125ab95419970575b42af7541df",
                "sha256:ed37bd3c3b063412f7620464a9ac1314d33100329f39799255fb8d3027da50d3",
                "sha256:f1adfc8ac319e1a348af294106bc6a8458a0f1633cc62a1446aebc30c5fa186a",
                "sha256:f5796e664fe802da4f57a168c85359a8fbf3eab5e55cd4e4569fbacecc903959",
                "sha256:fc5a77d0c516700ebad189b587de289a20a78324bc54baee03dd486f0855d234",
                "sha256:fd21f6ae3f08b41004dfb433fa895d858f3f5979e7762d052b12aef444e29afc"
            ],
            "index": "pypi",
            "markers": "python_version >= '3.8'",
            "version": "==7.6.1"
        },
        "dill": {
            "hashes": [
                "sha256:0633f1d2df477324f53a895b02c901fb961bdbf65a17122586ea7019292cbcf0",
                "sha256:44f54bf6412c2c8464c14e8243eb163690a9800dbe2c367330883b19c7561049"
            ],
            "markers": "python_version >= '3.8'",
            "version": "==0.4.0"
        },
        "isort": {
            "hashes": [
                "sha256:48fdfcb9face5d58a4f6dde2e72a1fb8dcaf8ab26f95ab49fab84c2ddefb0109",
                "sha256:8ca5e72a8d85860d5a3fa69b8745237f2939afe12dbf656afbcb47fe72d947a6"
            ],
            "markers": "python_full_version >= '3.8.0'",
            "version": "==5.13.2"
        },
        "jinja2": {
            "hashes": [
                "sha256:0137fb05990d35f1275a587e9aee6d56da821fc83491a0fb838183be43f66d6d",
                "sha256:85ece4451f492d0c13c5dd7c13a64681a86afae63a5f347908daf103ce6d2f67"
            ],
            "markers": "python_version >= '3.7'",
            "version": "==3.1.6"
        },
        "lxml": {
            "hashes": [
                "sha256:00b8686694423ddae324cf614e1b9659c2edb754de617703c3d29ff568448df5",
                "sha256:073eb6dcdf1f587d9b88c8c93528b57eccda40209cf9be549d469b942b41d70b",
                "sha256:09846782b1ef650b321484ad429217f5154da4d6e786636c38e434fa32e94e49",
                "sha256:0a01ce7d8479dce84fc03324e3b0c9c90b1ece9a9bb6a1b6c9025e7e4520e78c",
                "sha256:0be91891bdb06ebe65122aa6bf3fc94489960cf7e03033c6f83a90863b23c58b",
                "sha256:0cef4feae82709eed352cd7e97ae062ef6ae9c7b5dbe3663f104cd2c0e8d94ba",
                "sha256:0e108352e203c7afd0eb91d782582f00a0b16a948d204d4dec8565024fafeea5",
                "sha256:0ea0252b51d296a75f6118ed0d8696888e7403408ad42345d7dfd0d1e93309a7",
                "sha256:0fce1294a0497edb034cb416ad3e77ecc89b313cff7adbee5334e4dc0d11f422",
                "sha256:1320091caa89805df7dcb9e908add28166113dcd062590668514dbd510798c88",
                "sha256:142accb3e4d1edae4b392bd165a9abdee8a3c432a2cca193df995bc3886249c8",
                "sha256:14479c2ad1cb08b62bb941ba8e0e05938524ee3c3114644df905d2331c76cd57",
                "sha256:151d6c40bc9db11e960619d2bf2ec5829f0aaffb10b41dcf6ad2ce0f3c0b2325",
                "sha256:15a665ad90054a3d4f397bc40f73948d48e36e4c09f9bcffc7d90c87410e478a",
                "sha256:1a42b3a19346e5601d1b8296ff6ef3d76038058f311902edd574461e9c036982",
                "sha256:1af80c6316ae68aded77e91cd9d80648f7dd40406cef73df841aa3c36f6907c8",
                "sha256:1b717b00a71b901b4667226bba282dd462c42ccf618ade12f9ba3674e1fabc55",
                "sha256:1dc4ca99e89c335a7ed47d38964abcb36c5910790f9bd106f2a8fa2ee0b909d2",
                "sha256:20e16c08254b9b6466526bc1828d9370ee6c0d60a4b64836bc3ac2917d1e16df",
                "sha256:226046e386556a45ebc787871d6d2467b32c37ce76c2680f5c608e25823ffc84",
                "sha256:24974f774f3a78ac12b95e3a20ef0931795ff04dbb16db81a90c37f589819551",
                "sha256:24f6df5f24fc3385f622c0c9d63fe34604893bc1a5bdbb2dbf5870f85f9a404a",
                "sha256:27a9ded0f0b52098ff89dd4c418325b987feed2ea5cc86e8860b0f844285d740",
                "sha256:29f451a4b614a7b5b6c2e043d7b64a15bd8304d7e767055e8ab68387a8cacf4e",
                "sha256:2b31a3a77501d86d8ade128abb01082724c0dfd9524f542f2f07d693c9f1175f",
                "sha256:2c62891b1ea3094bb12097822b3d44b93fc6c325f2043c4d2736a8ff09e65f60",
                "sha256:2dc191e60425ad70e75a68c9fd90ab284df64d9cd410ba8d2b641c0c45bc006e",
                "sha256:31e63621e073e04697c1b2d23fcb89991790eef370ec37ce4d5d469f40924ed6",
                "sha256:32697d2ea994e0db19c1df9e40275ffe84973e4232b5c274f47e7c1ec9763cdd",
                "sha256:3a3178b4873df8ef9457a4875703488eb1622632a9cee6d76464b60e90adbfcd",
                "sha256:3b9c2754cef6963f3408ab381ea55f47dabc6f78f4b8ebb0f0b25cf1ac1f7609",
                "sha256:3d3c30ba1c9b48c68489dc1829a6eede9873f52edca1dda900066542528d6b20",
                "sha256:3e6d5557989cdc3ebb5302bbdc42b439733a841891762ded9514e74f60319ad6",
                "sha256:4025bf2884ac4370a3243c5aa8d66d3cb9e15d3ddd0af2d796eccc5f0244390e",
                "sha256:4291d3c409a17febf817259cb37bc62cb7eb398bcc95c1356947e2871911ae61",
                "sha256:4329422de653cdb2b72afa39b0aa04252fca9071550044904b2e7036d9d97fe4",
                "sha256:43d549b876ce64aa18b2328faff70f5877f8c6dede415f80a2f799d31644d776",
                "sha256:460508a4b07364d6abf53acaa0a90b6d370fafde5693ef37602566613a9b0779",
                "sha256:47fb24cc0f052f0576ea382872b3fc7e1f7e3028e53299ea751839418ade92a6",
                "sha256:48b4afaf38bf79109bb060d9016fad014a9a48fb244e11b94f74ae366a64d252",
                "sha256:497cab4d8254c2a90bf988f162ace2ddbfdd806fce3bda3f581b9d24c852e03c",
                "sha256:4aa412a82e460571fad592d0f93ce9935a20090029ba08eca05c614f99b0cc92",
                "sha256:4b7ce10634113651d6f383aa712a194179dcd496bd8c41e191cec2099fa09de5",
                "sha256:4cd915c0fb1bed47b5e6d6edd424ac25856252f09120e3e8ba5154b6b921860e",
                "sha256:4d885698f5019abe0de3d352caf9466d5de2baded00a06ef3f1216c1a58ae78f",
                "sha256:4f5322cf38fe0e21c2d73901abf68e6329dc02a4994e483adbcf92b568a09a54",
                "sha256:50441c9de951a153c698b9b99992e806b71c1f36d14b154592580ff4a9d0d877",
                "sha256:529024ab3a505fed78fe3cc5ddc079464e709f6c892733e3f5842007cec8ac6e",
                "sha256:53370c26500d22b45182f98847243efb518d268374a9570409d2e2276232fd37",
                "sha256:53d9469ab5460402c19553b56c3648746774ecd0681b1b27ea74d5d8a3ef5590",
                "sha256:56dbdbab0551532bb26c19c914848d7251d73edb507c3079d6805fa8bba5b706",
                "sha256:5a99d86351f9c15e4a901fc56404b485b1462039db59288b203f8c629260a142",
                "sha256:5cca36a194a4eb4e2ed6be36923d3cffd03dcdf477515dea687185506583d4c9",
                "sha256:5f11a1526ebd0dee85e7b1e39e39a0cc0d9d03fb527f56d8457f6df48a10dc0c",
                "sha256:61c7bbf432f09ee44b1ccaa24896d21075e533cd01477966a5ff5a71d88b2f56",
                "sha256:639978bccb04c42677db43c79bdaa23785dc7f9b83bfd87570da8207872f1ce5",
                "sha256:63e7968ff83da2eb6fdda967483a7a023aa497d85ad8f05c3ad9b1f2e8c84987",
                "sha256:664cdc733bc87449fe781dbb1f309090966c11cc0c0cd7b84af956a02a8a4729",
                "sha256:67ed8a40665b84d161bae3181aa2763beea3747f748bca5874b4af4d75998f87",
                "sha256:67f779374c6b9753ae0a0195a892a1c234ce8416e4448fe1e9f34746482070a7",
                "sha256:6854f8bd8a1536f8a1d9a3655e6354faa6406621cf857dc27b681b69860645c7",
                "sha256:696ea9e87442467819ac22394ca36cb3d01848dad1be6fac3fb612d3bd5a12cf",
                "sha256:6ef80aeac414f33c24b3815ecd560cee272786c3adfa5f31316d8b349bfade28",
                "sha256:72ac9762a9f8ce74c9eed4a4e74306f2f18613a6b71fa065495a67ac227b3056",
                "sha256:75133890e40d229d6c5837b0312abbe5bac1c342452cf0e12523477cd3aa21e7",
                "sha256:7605c1c32c3d6e8c990dd28a0970a3cbbf1429d5b92279e37fda05fb0c92190e",
                "sha256:773e27b62920199c6197130632c18fb7ead3257fce1ffb7d286912e56ddb79e0",
                "sha256:795f61bcaf8770e1b37eec24edf9771b307df3af74d1d6f27d812e15a9ff3872",
                "sha256:79d5bfa9c1b455336f52343130b2067164040604e41f6dc4d8313867ed540079",
                "sha256:7a62cc23d754bb449d63ff35334acc9f5c02e6dae830d78dab4dd12b78a524f4",
                "sha256:7be701c24e7f843e6788353c055d806e8bd8466b52907bafe5d13ec6a6dbaecd",
                "sha256:7ca56ebc2c474e8f3d5761debfd9283b8b18c76c4fc0967b74aeafba1f5647f9",
                "sha256:7ce1a171ec325192c6a636b64c94418e71a1964f56d002cc28122fceff0b6121",
                "sha256:8f82125bc7203c5ae8633a7d5d20bcfdff0ba33e436e4ab0abc026a53a8960b7",
                "sha256:91505d3ddebf268bb1588eb0f63821f738d20e1e7f05d3c647a5ca900288760b",
                "sha256:942a5d73f739ad7c452bf739a62a0f83e2578afd6b8e5406308731f4ce78b16d",
                "sha256:9454b8d8200ec99a224df8854786262b1bd6461f4280064c807303c642c05e76",
                "sha256:9459e6892f59ecea2e2584ee1058f5d8f629446eab52ba2305ae13a32a059530",
                "sha256:9776af1aad5a4b4a1317242ee2bea51da54b2a7b7b48674be736d463c999f37d",
                "sha256:97dac543661e84a284502e0cf8a67b5c711b0ad5fb661d1bd505c02f8cf716d7",
                "sha256:98a3912194c079ef37e716ed228ae0dcb960992100461b704aea4e93af6b0bb9",
                "sha256:9b4a3bd174cc9cdaa1afbc4620c049038b441d6ba07629d89a83b408e54c35cd",
                "sha256:9c886b481aefdf818ad44846145f6eaf373a20d200b5ce1a5c8e1bc2d8745410",
                "sha256:9ceaf423b50ecfc23ca00b7f50b64baba85fb3fb91c53e2c9d00bc86150c7e40",
                "sha256:a11a96c3b3f7551c8a8109aa65e8594e551d5a84c76bf950da33d0fb6dfafab7",
                "sha256:a3bcdde35d82ff385f4ede021df801b5c4a5bcdfb61ea87caabcebfc4945dc1b",
                "sha256:a7fb111eef4d05909b82152721a59c1b14d0f365e2be4c742a473c5d7372f4f5",
                "sha256:a81e1196f0a5b4167a8dafe3a66aa67c4addac1b22dc47947abd5d5c7a3f24b5",
                "sha256:a8c9b7f16b63e65bbba889acb436a1034a82d34fa09752d754f88d708eca80e1",
                "sha256:a8ef956fce64c8551221f395ba21d0724fed6b9b6242ca4f2f7beb4ce2f41997",
                "sha256:ab339536aa798b1e17750733663d272038bf28069761d5be57cb4a9b0137b4f8",
                "sha256:aea53d51859b6c64e7c51d522c03cc2c48b9b5d6172126854cc7f01aa11f52bc",
                "sha256:aea7c06667b987787c7d1f5e1dfcd70419b711cdb47d6b4bb4ad4b76777a0563",
                "sha256:aefe1a7cb852fa61150fcb21a8c8fcea7b58c4cb11fbe59c97a0a4b31cae3c8c",
                "sha256:b0989737a3ba6cf2a16efb857fb0dfa20bc5c542737fddb6d893fde48be45433",
                "sha256:b108134b9667bcd71236c5a02aad5ddd073e372fb5d48ea74853e009fe38acb6",
                "sha256:b12cb6527599808ada9eb2cd6e0e7d3d8f13fe7bbb01c6311255a15ded4c7ab4",
                "sha256:b5aff6f3e818e6bdbbb38e5967520f174b18f539c2b9de867b1e7fde6f8d95a4",
                "sha256:b67319b4aef1a6c56576ff544b67a2a6fbd7eaee485b241cabf53115e8908b8f",
                "sha256:b7c86884ad23d61b025989d99bfdd92a7351de956e01c61307cb87035960bcb1",
                "sha256:b92b69441d1bd39f4940f9eadfa417a25862242ca2c396b406f9272ef09cdcaa",
                "sha256:bcb7a1096b4b6b24ce1ac24d4942ad98f983cd3810f9711bcd0293f43a9d8b9f",
                "sha256:bda3ea44c39eb74e2488297bb39d47186ed01342f0022c8ff407c250ac3f498e",
                "sha256:be2ba4c3c5b7900246a8f866580700ef0d538f2ca32535e991027bdaba944063",
                "sha256:c5681160758d3f6ac5b4fea370495c48aac0989d6a0f01bb9a72ad8ef5ab75c4",
                "sha256:c5d32f5284012deaccd37da1e2cd42f081feaa76981f0eaa474351b68df813c5",
                "sha256:c6364038c519dffdbe07e3cf42e6a7f8b90c275d4d1617a69bb59734c1a2d571",
                "sha256:c70e93fba207106cb16bf852e421c37bbded92acd5964390aad07cb50d60f5cf",
                "sha256:ca755eebf0d9e62d6cb013f1261e510317a41bf4650f22963474a663fdfe02aa",
                "sha256:cccd007d5c95279e529c146d095f1d39ac05139de26c098166c4beb9374b0f4d",
                "sha256:ce9c671845de9699904b1e9df95acfe8dfc183f2310f163cdaa91a3535af95de",
                "sha256:d12832e1dbea4be280b22fd0ea7c9b87f0d8fc51ba06e92dc62d52f804f78ebd",
                "sha256:d2ed1b3cb9ff1c10e6e8b00941bb2e5bb568b307bfc6b17dffbbe8be5eecba86",
                "sha256:d5663bc1b471c79f5c833cffbc9b87d7bf13f87e055a5c86c363ccd2348d7e82",
                "sha256:d90b729fd2732df28130c064aac9bb8aff14ba20baa4aee7bd0795ff1187545f",
                "sha256:dc0af80267edc68adf85f2a5d9be1cdf062f973db6790c1d065e45025fa26140",
                "sha256:de5b4e1088523e2b6f730d0509a9a813355b7f5659d70eb4f319c76beea2e250",
                "sha256:de6f6bb8a7840c7bf216fb83eec4e2f79f7325eca8858167b68708b929ab2172",
                "sha256:df53330a3bff250f10472ce96a9af28628ff1f4efc51ccba351a8820bca2a8ba",
                "sha256:e094ec83694b59d263802ed03a8384594fcce477ce484b0cbcd0008a211ca751",
                "sha256:e794f698ae4c5084414efea0f5cc9f4ac562ec02d66e1484ff822ef97c2cadff",
                "sha256:e7bc6df34d42322c5289e37e9971d6ed114e3776b45fa879f734bded9d1fea9c",
                "sha256:eaf24066ad0b30917186420d51e2e3edf4b0e2ea68d8cd885b14dc8afdcf6556",
                "sha256:ecf4c4b83f1ab3d5a7ace10bafcb6f11df6156857a3c418244cef41ca9fa3e44",
                "sha256:ef5a7178fcc73b7d8c07229e89f8eb45b2908a9238eb90dcfc46571ccf0383b8",
                "sha256:f5cb182f6396706dc6cc1896dd02b1c889d644c081b0cdec38747573db88a7d7",
                "sha256:fa0e294046de09acd6146be0ed6727d1f42ded4ce3ea1e9a19c11b6774eea27c",
                "sha256:fb54f7c6bafaa808f27166569b1511fc42701a7713858dddc08afdde9746849e",
                "sha256:fd3be6481ef54b8cfd0e1e953323b7aa9d9789b94842d0e5b142ef4bb7999539"
            ],
            "markers": "python_version >= '3.6'",
            "version": "==5.4.0"
        },
        "markupsafe": {
            "hashes": [
                "sha256:0bff5e0ae4ef2e1ae4fdf2dfd5b76c75e5c2fa4132d05fc1b0dabcd20c7e28c4",
                "sha256:0f4ca02bea9a23221c0182836703cbf8930c5e9454bacce27e767509fa286a30",
                "sha256:1225beacc926f536dc82e45f8a4d68502949dc67eea90eab715dea3a21c1b5f0",
                "sha256:131a3c7689c85f5ad20f9f6fb1b866f402c445b220c19fe4308c0b147ccd2ad9",
                "sha256:15ab75ef81add55874e7ab7055e9c397312385bd9ced94920f2802310c930396",
                "sha256:1a9d3f5f0901fdec14d8d2f66ef7d035f2157240a433441719ac9a3fba440b13",
                "sha256:1c99d261bd2d5f6b59325c92c73df481e05e57f19837bdca8413b9eac4bd8028",
                "sha256:1e084f686b92e5b83186b07e8a17fc09e38fff551f3602b249881fec658d3eca",
                "sha256:2181e67807fc2fa785d0592dc2d6206c019b9502410671cc905d132a92866557",
                "sha256:2cb8438c3cbb25e220c2ab33bb226559e7afb3baec11c4f218ffa7308603c832",
                "sha256:3169b1eefae027567d1ce6ee7cae382c57fe26e82775f460f0b2778beaad66c0",
                "sha256:3809ede931876f5b2ec92eef964286840ed3540dadf803dd570c3b7e13141a3b",
                "sha256:38a9ef736c01fccdd6600705b09dc574584b89bea478200c5fbf112a6b0d5579",
                "sha256:3d79d162e7be8f996986c064d1c7c817f6df3a77fe3d6859f6f9e7be4b8c213a",
                "sha256:444dcda765c8a838eaae23112db52f1efaf750daddb2d9ca300bcae1039adc5c",
                "sha256:48032821bbdf20f5799ff537c7ac3d1fba0ba032cfc06194faffa8cda8b560ff",
                "sha256:4aa4e5faecf353ed117801a068ebab7b7e09ffb6e1d5e412dc852e0da018126c",
                "sha256:52305740fe773d09cffb16f8ed0427942901f00adedac82ec8b67752f58a1b22",
                "sha256:569511d3b58c8791ab4c2e1285575265991e6d8f8700c7be0e88f86cb0672094",
                "sha256:57cb5a3cf367aeb1d316576250f65edec5bb3be939e9247ae594b4bcbc317dfb",
                "sha256:5b02fb34468b6aaa40dfc198d813a641e3a63b98c2b05a16b9f80b7ec314185e",
                "sha256:6381026f158fdb7c72a168278597a5e3a5222e83ea18f543112b2662a9b699c5",
                "sha256:6af100e168aa82a50e186c82875a5893c5597a0c1ccdb0d8b40240b1f28b969a",
                "sha256:6c89876f41da747c8d3677a2b540fb32ef5715f97b66eeb0c6b66f5e3ef6f59d",
                "sha256:6e296a513ca3d94054c2c881cc913116e90fd030ad1c656b3869762b754f5f8a",
                "sha256:70a87b411535ccad5ef2f1df5136506a10775d267e197e4cf531ced10537bd6b",
                "sha256:7e94c425039cde14257288fd61dcfb01963e658efbc0ff54f5306b06054700f8",
                "sha256:846ade7b71e3536c4e56b386c2a47adf5741d2d8b94ec9dc3e92e5e1ee1e2225",
                "sha256:88416bd1e65dcea10bc7569faacb2c20ce071dd1f87539ca2ab364bf6231393c",
                "sha256:88b49a3b9ff31e19998750c38e030fc7bb937398b1f78cfa599aaef92d693144",
                "sha256:8c4e8c3ce11e1f92f6536ff07154f9d49677ebaaafc32db9db4620bc11ed480f",
                "sha256:8e06879fc22a25ca47312fbe7c8264eb0b662f6db27cb2d3bbbc74b1df4b9b87",
                "sha256:9025b4018f3a1314059769c7bf15441064b2207cb3f065e6ea1e7359cb46db9d",
                "sha256:93335ca3812df2f366e80509ae119189886b0f3c2b81325d39efdb84a1e2ae93",
                "sha256:9778bd8ab0a994ebf6f84c2b949e65736d5575320a17ae8984a77fab08db94cf",
                "sha256:9e2d922824181480953426608b81967de705c3cef4d1af983af849d7bd619158",
                "sha256:a123e330ef0853c6e822384873bef7507557d8e4a082961e1defa947aa59ba84",
                "sha256:a904af0a6162c73e3edcb969eeeb53a63ceeb5d8cf642fade7d39e7963a22ddb",
                "sha256:ad10d3ded218f1039f11a75f8091880239651b52e9bb592ca27de44eed242a48",
                "sha256:b424c77b206d63d500bcb69fa55ed8d0e6a3774056bdc4839fc9298a7edca171",
                "sha256:b5a6b3ada725cea8a5e634536b1b01c30bcdcd7f9c6fff4151548d5bf6b3a36c",
                "sha256:ba8062ed2cf21c07a9e295d5b8a2a5ce678b913b45fdf68c32d95d6c1291e0b6",
                "sha256:ba9527cdd4c926ed0760bc301f6728ef34d841f405abf9d4f959c478421e4efd",
                "sha256:bbcb445fa71794da8f178f0f6d66789a28d7319071af7a496d4d507ed566270d",
                "sha256:bcf3e58998965654fdaff38e58584d8937aa3096ab5354d493c77d1fdd66d7a1",
                "sha256:c0ef13eaeee5b615fb07c9a7dadb38eac06a0608b41570d8ade51c56539e509d",
                "sha256:cabc348d87e913db6ab4aa100f01b08f481097838bdddf7c7a84b7575b7309ca",
                "sha256:cdb82a876c47801bb54a690c5ae105a46b392ac6099881cdfb9f6e95e4014c6a",
                "sha256:cfad01eed2c2e0c01fd0ecd2ef42c492f7f93902e39a42fc9ee1692961443a29",
                "sha256:d16a81a06776313e817c951135cf7340a3e91e8c1ff2fac444cfd75fffa04afe",
                "sha256:d8213e09c917a951de9d09ecee036d5c7d36cb6cb7dbaece4c71a60d79fb9798",
                "sha256:e07c3764494e3776c602c1e78e298937c3315ccc9043ead7e685b7f2b8d47b3c",
                "sha256:e17c96c14e19278594aa4841ec148115f9c7615a47382ecb6b82bd8fea3ab0c8",
                "sha256:e444a31f8db13eb18ada366ab3cf45fd4b31e4db1236a4448f68778c1d1a5a2f",
                "sha256:e6a2a455bd412959b57a172ce6328d2dd1f01cb2135efda2e4576e8a23fa3b0f",
                "sha256:eaa0a10b7f72326f1372a713e73c3f739b524b3af41feb43e4921cb529f5929a",
                "sha256:eb7972a85c54febfb25b5c4b4f3af4dcc731994c7da0d8a0b4a6eb0640e1d178",
                "sha256:ee55d3edf80167e48ea11a923c7386f4669df67d7994554387f84e7d8b0a2bf0",
                "sha256:f3818cb119498c0678015754eba762e0d61e5b52d34c8b13d770f0719f7b1d79",
                "sha256:f8b3d067f2e40fe93e1ccdd6b2e1d16c43140e76f02fb1319a05cf2b79d99430",
                "sha256:fcabf5ff6eea076f859677f5f0b6b5c1a51e70a376b0579e0eadef8db48c6b50"
            ],
            "markers": "python_version >= '3.9'",
            "version": "==3.0.2"
        },
        "mccabe": {
            "hashes": [
                "sha256:348e0240c33b60bbdf4e523192ef919f28cb2c3d7d5c7794f74009290f236325",
                "sha256:6c2d30ab6be0e4a46919781807b4f0d834ebdd6c6e3dca0bda5a15f863427b6e"
            ],
            "markers": "python_version >= '3.6'",
            "version": "==0.7.0"
        },
        "mockito": {
            "hashes": [
                "sha256:036128da7daf2da89a0b637bd73321e992ff65ba8a39876ca233eec17eb77e8f",
                "sha256:b4df89187bcd0b1bac44b7d6bcbd03ad652bae800a3effbd2e077276ca69a862"
            ],
            "index": "pypi",
            "markers": "python_version >= '3.7'",
            "version": "==1.5.0"
        },
        "platformdirs": {
            "hashes": [
                "sha256:a03875334331946f13c549dbd8f4bac7a13a50a895a0eb1e8c6a8ace80d40a94",
                "sha256:eb437d586b6a0986388f0d6f74aa0cde27b48d0e3d66843640bfb6bdcdb6e351"
            ],
            "markers": "python_version >= '3.9'",
            "version": "==4.3.7"
        },
        "pycobertura": {
            "hashes": [
                "sha256:5ac90e83cdcae534b602fd99137cf77a7b46b61887399848784e9534d5921f82",
                "sha256:6afb515bda11d29202a7205e1e3313e707a4ba74486e6aa8380fec4e70c443bd"
            ],
            "index": "pypi",
            "markers": "python_version >= '3.7'",
            "version": "==3.2.0"
        },
        "pycparser": {
            "hashes": [
                "sha256:491c8be9c040f5390f5bf44a5b07752bd07f56edf992381b05c701439eec10f6",
                "sha256:c3702b6d3dd8c7abc1afa565d7e63d53a1d0bd86cdc24edd75470f4de499cfcc"
            ],
            "markers": "python_version >= '3.8'",
            "version": "==2.22"
        },
        "pylint": {
            "hashes": [
                "sha256:2f846a466dd023513240bc140ad2dd73bfc080a5d85a710afdb728c420a5a2b9",
                "sha256:9f3dcc87b1203e612b78d91a896407787e708b3f189b5fa0b307712d49ff0c6e"
            ],
            "index": "pypi",
            "markers": "python_full_version >= '3.9.0'",
            "version": "==3.3.1"
        },
        "pyside6": {
            "hashes": [
                "sha256:0103e5d161696db40d75bfbf4e4b7d4f3372903c1b400c4e3379377b62c50290",
                "sha256:09239d1b808f18efccd3803db874d683917efcdebfdf0e8dec449cf50e74e7aa",
                "sha256:1a176409dd0dd12b72d2c78b776e5051f569071ec52b7aaadd0a5b3333493c24",
                "sha256:846fbccf0b3501eb31cf0791a46e137615efba6ce540da2b426d79fa3e7762c4",
                "sha256:b8f286a1bd143f3b2bdf08367b9362b13f469d26986c25700af9c4c68f79213e"
            ],
            "index": "pypi",
            "markers": "python_version < '3.14' and python_version >= '3.9'",
            "version": "==6.9.0"
        },
        "pyside6-addons": {
            "hashes": [
                "sha256:260a56da59539f476c1635a3ff13591e10f1b04d92155c0617129bc53ca8b5f8",
                "sha256:8cf54065b3d1b4698448fad825378a25c10ef52017d9dff48cead03200636d8d",
                "sha256:98f9ad4b65820736e12d49c18db2e570eac63727407fbb59a62ac753e89dc201",
                "sha256:d8a650644e0b9d1e7a092f6bcd11f25a63706d12f77d442b6ace75d346ab5d30",
                "sha256:fc9dcd63a0ce7565f238cb11c44494435a50eb6cb72b8dbce3b709618989c3dc"
            ],
            "markers": "python_version < '3.14' and python_version >= '3.9'",
            "version": "==6.9.0"
        },
        "pyside6-essentials": {
            "hashes": [
                "sha256:45eaf7f17688d1991f39680dbfd3c41674f3cbb78f278aa10fe0b5f2f31c1989",
                "sha256:69aedfad77119c5bec0005ca31d5620e9bac8ba5ae66c7389160530cfd698ed8",
                "sha256:94a0096d6bb1d3e5cef29ca4a5366d0f229d42480fbb17aa25ad85d72b1b7947",
                "sha256:b18e3e01b507e8a57481fe19792eb373d5f10a23a50702ce540da1435e722f39",
                "sha256:d2dc45536f2269ad111991042e81257124f1cd1c9ed5ea778d7224fd65dc9e2b"
            ],
            "markers": "python_version < '3.14' and python_version >= '3.9'",
            "version": "==6.9.0"
        },
        "pyyaml": {
            "hashes": [
                "sha256:01179a4a8559ab5de078078f37e5c1a30d76bb88519906844fd7bdea1b7729ff",
                "sha256:0833f8694549e586547b576dcfaba4a6b55b9e96098b36cdc7ebefe667dfed48",
                "sha256:0a9a2848a5b7feac301353437eb7d5957887edbf81d56e903999a75a3d743086",
                "sha256:0b69e4ce7a131fe56b7e4d770c67429700908fc0752af059838b1cfb41960e4e",
                "sha256:0ffe8360bab4910ef1b9e87fb812d8bc0a308b0d0eef8c8f44e0254ab3b07133",
                "sha256:11d8f3dd2b9c1207dcaf2ee0bbbfd5991f571186ec9cc78427ba5bd32afae4b5",
                "sha256:17e311b6c678207928d649faa7cb0d7b4c26a0ba73d41e99c4fff6b6c3276484",
                "sha256:1e2120ef853f59c7419231f3bf4e7021f1b936f6ebd222406c3b60212205d2ee",
                "sha256:1f71ea527786de97d1a0cc0eacd1defc0985dcf6b3f17bb77dcfc8c34bec4dc5",
                "sha256:23502f431948090f597378482b4812b0caae32c22213aecf3b55325e049a6c68",
                "sha256:24471b829b3bf607e04e88d79542a9d48bb037c2267d7927a874e6c205ca7e9a",
                "sha256:29717114e51c84ddfba879543fb232a6ed60086602313ca38cce623c1d62cfbf",
                "sha256:2e99c6826ffa974fe6e27cdb5ed0021786b03fc98e5ee3c5bfe1fd5015f42b99",
                "sha256:39693e1f8320ae4f43943590b49779ffb98acb81f788220ea932a6b6c51004d8",
                "sha256:3ad2a3decf9aaba3d29c8f537ac4b243e36bef957511b4766cb0057d32b0be85",
                "sha256:3b1fdb9dc17f5a7677423d508ab4f243a726dea51fa5e70992e59a7411c89d19",
                "sha256:41e4e3953a79407c794916fa277a82531dd93aad34e29c2a514c2c0c5fe971cc",
                "sha256:43fa96a3ca0d6b1812e01ced1044a003533c47f6ee8aca31724f78e93ccc089a",
                "sha256:50187695423ffe49e2deacb8cd10510bc361faac997de9efef88badc3bb9e2d1",
                "sha256:5ac9328ec4831237bec75defaf839f7d4564be1e6b25ac710bd1a96321cc8317",
                "sha256:5d225db5a45f21e78dd9358e58a98702a0302f2659a3c6cd320564b75b86f47c",
                "sha256:6395c297d42274772abc367baaa79683958044e5d3835486c16da75d2a694631",
                "sha256:688ba32a1cffef67fd2e9398a2efebaea461578b0923624778664cc1c914db5d",
                "sha256:68ccc6023a3400877818152ad9a1033e3db8625d899c72eacb5a668902e4d652",
                "sha256:70b189594dbe54f75ab3a1acec5f1e3faa7e8cf2f1e08d9b561cb41b845f69d5",
                "sha256:797b4f722ffa07cc8d62053e4cff1486fa6dc094105d13fea7b1de7d8bf71c9e",
                "sha256:7c36280e6fb8385e520936c3cb3b8042851904eba0e58d277dca80a5cfed590b",
                "sha256:7e7401d0de89a9a855c839bc697c079a4af81cf878373abd7dc625847d25cbd8",
                "sha256:80bab7bfc629882493af4aa31a4cfa43a4c57c83813253626916b8c7ada83476",
                "sha256:82d09873e40955485746739bcb8b4586983670466c23382c19cffecbf1fd8706",
                "sha256:8388ee1976c416731879ac16da0aff3f63b286ffdd57cdeb95f3f2e085687563",
                "sha256:8824b5a04a04a047e72eea5cec3bc266db09e35de6bdfe34c9436ac5ee27d237",
                "sha256:8b9c7197f7cb2738065c481a0461e50ad02f18c78cd75775628afb4d7137fb3b",
                "sha256:9056c1ecd25795207ad294bcf39f2db3d845767be0ea6e6a34d856f006006083",
                "sha256:936d68689298c36b53b29f23c6dbb74de12b4ac12ca6cfe0e047bedceea56180",
                "sha256:9b22676e8097e9e22e36d6b7bda33190d0d400f345f23d4065d48f4ca7ae0425",
                "sha256:a4d3091415f010369ae4ed1fc6b79def9416358877534caf6a0fdd2146c87a3e",
                "sha256:a8786accb172bd8afb8be14490a16625cbc387036876ab6ba70912730faf8e1f",
                "sha256:a9f8c2e67970f13b16084e04f134610fd1d374bf477b17ec1599185cf611d725",
                "sha256:bc2fa7c6b47d6bc618dd7fb02ef6fdedb1090ec036abab80d4681424b84c1183",
                "sha256:c70c95198c015b85feafc136515252a261a84561b7b1d51e3384e0655ddf25ab",
                "sha256:cc1c1159b3d456576af7a3e4d1ba7e6924cb39de8f67111c735f6fc832082774",
                "sha256:ce826d6ef20b1bc864f0a68340c8b3287705cae2f8b4b1d932177dcc76721725",
                "sha256:d584d9ec91ad65861cc08d42e834324ef890a082e591037abe114850ff7bbc3e",
                "sha256:d7fded462629cfa4b685c5416b949ebad6cec74af5e2d42905d41e257e0869f5",
                "sha256:d84a1718ee396f54f3a086ea0a66d8e552b2ab2017ef8b420e92edbc841c352d",
                "sha256:d8e03406cac8513435335dbab54c0d385e4a49e4945d2909a581c83647ca0290",
                "sha256:e10ce637b18caea04431ce14fabcf5c64a1c61ec9c56b071a4b7ca131ca52d44",
                "sha256:ec031d5d2feb36d1d1a24380e4db6d43695f3748343d99434e6f5f9156aaa2ed",
                "sha256:ef6107725bd54b262d6dedcc2af448a266975032bc85ef0172c5f059da6325b4",
                "sha256:efdca5630322a10774e8e98e1af481aad470dd62c3170801852d752aa7a783ba",
                "sha256:f753120cb8181e736c57ef7636e83f31b9c0d1722c516f7e86cf15b7aa57ff12",
                "sha256:ff3824dc5261f50c9b0dfb3be22b4567a6f938ccce4587b38952d85fd9e9afe4"
            ],
            "index": "pypi",
            "markers": "python_version >= '3.8'",
            "version": "==6.0.2"
        },
        "ruamel.yaml": {
            "hashes": [
                "sha256:20c86ab29ac2153f80a428e1254a8adf686d3383df04490514ca3b79a362db58",
                "sha256:30f22513ab2301b3d2b577adc121c6471f28734d3d9728581245f1e76468b4f1"
            ],
            "markers": "python_version >= '3.7'",
            "version": "==0.18.10"
        },
        "shiboken6": {
            "hashes": [
                "sha256:121ea290ed1afa5ad6abf690b377612693436292b69c61b0f8e10b1f0850f935",
                "sha256:24f53857458881b54798d7e35704611d07f6b6885bcdf80f13a4c8bb485b8df2",
                "sha256:3f585caae5b814a7e23308db0a077355a7dc20c34d58ca4c339ff7625e9a1936",
                "sha256:b61579b90bf9c53ecc174085a69429166dfe57a0b8b894f933d1281af9df6568",
                "sha256:c4d8e3a5907154ac4789e52c77957db95bcf584238c244d7743cb39e9b66dd26"
            ],
            "markers": "python_version < '3.14' and python_version >= '3.9'",
            "version": "==6.9.0"
        },
        "tabulate": {
            "hashes": [
                "sha256:0095b12bf5966de529c0feb1fa08671671b3368eec77d7ef7ab114be2c068b3c",
                "sha256:024ca478df22e9340661486f85298cff5f6dcdba14f3813e8830015b9ed1948f"
            ],
            "markers": "python_version >= '3.7'",
            "version": "==0.9.0"
        },
        "tomlkit": {
            "hashes": [
                "sha256:7a974427f6e119197f670fbbbeae7bef749a6c14e793db934baefc1b5f03efde",
                "sha256:fff5fe59a87295b278abd31bec92c15d9bc4a06885ab12bcea52c71119392e79"
            ],
            "markers": "python_version >= '3.8'",
            "version": "==0.13.2"
        },
        "xattr": {
            "hashes": [
                "sha256:00d2b415cf9d6a24112d019e721aa2a85652f7bbc9f3b9574b2d1cd8668eb491",
                "sha256:0683dae7609f7280b0c89774d00b5957e6ffcb181c6019c46632b389706b77e6",
                "sha256:08f61cbed52dc6f7c181455826a9ff1e375ad86f67dd9d5eb7663574abb32451",
                "sha256:0a9c431b0e66516a078125e9a273251d4b8e5ba84fe644b619f2725050d688a0",
                "sha256:0f06e0c1e4d06b4e0e49aaa1184b6f0e81c3758c2e8365597918054890763b53",
                "sha256:1a5921ea3313cc1c57f2f53b63ea8ca9a91e48f4cc7ebec057d2447ec82c7efe",
                "sha256:23705c7079b05761ff2fa778ad17396e7599c8759401abc05b312dfb3bc99f69",
                "sha256:24d97f0d28f63695e3344ffdabca9fcc30c33e5c8ccc198c7524361a98d526f2",
                "sha256:27272afeba8422f2a9d27e1080a9a7b807394e88cce73db9ed8d2dde3afcfb87",
                "sha256:46a641ac038a9f53d2f696716147ca4dbd6a01998dc9cd4bc628801bc0df7f4d",
                "sha256:47a3bdfe034b4fdb70e5941d97037405e3904accc28e10dbef6d1c9061fb6fd7",
                "sha256:4cb70c16e7c3ae6ba0ab6c6835c8448c61d8caf43ea63b813af1f4dbe83dd156",
                "sha256:54cb15cd94e5ef8a0ef02309f1bf973ba0e13c11e87686e983f371948cfee6af",
                "sha256:6461a43b585e5f2e049b39bcbfcb6391bfef3c5118231f1b15d10bdb89ef17fe",
                "sha256:6480589c1dac7785d1f851347a32c4a97305937bf7b488b857fe8b28a25de9e9",
                "sha256:687e7d18611ef8d84a6ecd8f4d1ab6757500c1302f4c2046ce0aa3585e13da3f",
                "sha256:6881b120f9a4b36ccd8a28d933bc0f6e1de67218b6ce6e66874e0280fc006844",
                "sha256:6ad47d89968c9097900607457a0c89160b4771601d813e769f68263755516065",
                "sha256:78b377832dd0ee408f9f121a354082c6346960f7b6b1480483ed0618b1912120",
                "sha256:793c01deaadac50926c0e1481702133260c7cb5e62116762f6fe1543d07b826f",
                "sha256:7a92aff66c43fa3e44cbeab7cbeee66266c91178a0f595e044bf3ce51485743b",
                "sha256:7e4ca0956fd11679bb2e0c0d6b9cdc0f25470cc00d8da173bb7656cc9a9cf104",
                "sha256:83652910ef6a368b77b00825ad67815e5c92bfab551a848ca66e9981d14a7519",
                "sha256:9013f290387f1ac90bccbb1926555ca9aef75651271098d99217284d9e010f7c",
                "sha256:918e1f83f2e8a072da2671eac710871ee5af337e9bf8554b5ce7f20cdb113186",
                "sha256:96ca300c0acca4f0cddd2332bb860ef58e1465d376364f0e72a1823fdd58e90d",
                "sha256:9b1664edf003153ac8d1911e83a0fc60db1b1b374ee8ac943f215f93754a1102",
                "sha256:9c5a78c7558989492c4cb7242e490ffb03482437bf782967dfff114e44242343",
                "sha256:9d4f71b673339aeaae1f6ea9ef8ea6c9643c8cd0df5003b9a0eaa75403e2e06c",
                "sha256:9dcd5dfbcee73c7be057676ecb900cabb46c691aff4397bf48c579ffb30bb963",
                "sha256:a20de1c47b5cd7b47da61799a3b34e11e5815d716299351f82a88627a43f9a96",
                "sha256:afacebbc1fa519f41728f8746a92da891c7755e6745164bd0d5739face318e86",
                "sha256:b0d73150f2f9655b4da01c2369eb33a294b7f9d56eccb089819eafdbeb99f896",
                "sha256:b489b7916f239100956ea0b39c504f3c3a00258ba65677e4c8ba1bd0b5513446",
                "sha256:b6ceb9efe0657a982ccb8b8a2efe96b690891779584c901d2f920784e5d20ae3",
                "sha256:b735ac2625a4fc2c9343b19f806793db6494336338537d2911c8ee4c390dda46",
                "sha256:caab2c2986c30f92301f12e9c50415d324412e8e6a739a52a603c3e6a54b3610",
                "sha256:ccab735d0632fe71f7d72e72adf886f45c18b7787430467ce0070207882cfe25",
                "sha256:cd11e917f5b89f2a0ad639d9875943806c6c9309a3dd02da5a3e8ef92db7bed9",
                "sha256:cebcf8a303a44fbc439b68321408af7267507c0d8643229dbb107f6c132d389c",
                "sha256:d1059b2f726e2702c8bbf9bbf369acfc042202a4cc576c2dec6791234ad5e948",
                "sha256:d1418705f253b6b6a7224b69773842cac83fcbcd12870354b6e11dd1cd54630f",
                "sha256:d44e8f955218638c9ab222eed21e9bd9ab430d296caf2176fb37abe69a714e5c",
                "sha256:d6eb7d5f281014cd44e2d847a9107491af1bf3087f5afeded75ed3e37ec87239",
                "sha256:dab29d9288aa28e68a6f355ddfc3f0a7342b40c9012798829f3e7bd765e85c2c",
                "sha256:dba4f80b9855cc98513ddf22b7ad8551bc448c70d3147799ea4f6c0b758fb466",
                "sha256:dc53cab265f6e8449bd683d5ee3bc5a191e6dd940736f3de1a188e6da66b0653",
                "sha256:dd43978966de3baf4aea367c99ffa102b289d6c2ea5f3d9ce34a203dc2f2ab73",
                "sha256:dda2684228798e937a7c29b0e1c7ef3d70e2b85390a69b42a1c61b2039ba81de",
                "sha256:ded771eaf27bb4eb3c64c0d09866460ee8801d81dc21097269cf495b3cac8657",
                "sha256:e0c80bbf55339c93770fc294b4b6586b5bf8e85ec00a4c2d585c33dbd84b5006",
                "sha256:e189e440bcd04ccaad0474720abee6ee64890823ec0db361fb0a4fb5e843a1bf",
                "sha256:e2255f36ebf2cb2dbf772a7437ad870836b7396e60517211834cf66ce678b595",
                "sha256:ef2fa0f85458736178fd3dcfeb09c3cf423f0843313e25391db2cfd1acec8888",
                "sha256:f6ad2a7bd5e6cf71d4a862413234a067cf158ca0ae94a40d4b87b98b62808498",
                "sha256:fa6a7af7a4ada43f15ccc58b6f9adcdbff4c36ba040013d2681e589e07ae280a",
                "sha256:fecbf3b05043ed3487a28190dec3e4c4d879b2fcec0e30bafd8ec5d4b6043630",
                "sha256:ff6223a854229055e803c2ad0c0ea9a6da50c6be30d92c198cf5f9f28819a921"
            ],
            "index": "pypi",
            "markers": "python_version >= '3.8'",
            "version": "==1.1.0"
        }
    },
    "develop": {}
}
